
Microsoft Visual Studio Solution File, Format Version 12.00
Project("{FAE04EC0-301F-11D3-BF4B-00C04F79EFBC}") = "BankMicroService", "BankMicroService\BankMicroService.csproj", "{426DC9B0-123B-4E8F-A2FD-E00A9AD5CE2D}"
EndProject
Project("{FAE04EC0-301F-11D3-BF4B-00C04F79EFBC}") = "BankTests", "BankTests\BankTests.csproj", "{9304A9F6-2036-4AA4-BB0A-9915F6A4227A}"
EndProject
Project("{FAE04EC0-301F-11D3-BF4B-00C04F79EFBC}") = "LoggerTests", "LoggerTests\LoggerTests.csproj", "{B4D463A5-2089-4CD1-ACDB-34E43E3189E9}"
EndProject
Project("{FAE04EC0-301F-11D3-BF4B-00C04F79EFBC}") = "LoggerService", "LoggerService\LoggerService.csproj", "{CB5D6282-81AE-4C18-944F-94DC9057CE98}"
EndProject
Global
	GlobalSection(SolutionConfigurationPlatforms) = preSolution
		Debug|Any CPU = Debug|Any CPU
		Release|Any CPU = Release|Any CPU
	EndGlobalSection
	GlobalSection(ProjectConfigurationPlatforms) = postSolution
		{426DC9B0-123B-4E8F-A2FD-E00A9AD5CE2D}.Debug|Any CPU.ActiveCfg = Debug|Any CPU
		{426DC9B0-123B-4E8F-A2FD-E00A9AD5CE2D}.Debug|Any CPU.Build.0 = Debug|Any CPU
		{426DC9B0-123B-4E8F-A2FD-E00A9AD5CE2D}.Release|Any CPU.ActiveCfg = Release|Any CPU
		{426DC9B0-123B-4E8F-A2FD-E00A9AD5CE2D}.Release|Any CPU.Build.0 = Release|Any CPU
		{9304A9F6-2036-4AA4-BB0A-9915F6A4227A}.Debug|Any CPU.ActiveCfg = Debug|Any CPU
		{9304A9F6-2036-4AA4-BB0A-9915F6A4227A}.Debug|Any CPU.Build.0 = Debug|Any CPU
		{9304A9F6-2036-4AA4-BB0A-9915F6A4227A}.Release|Any CPU.ActiveCfg = Release|Any CPU
		{9304A9F6-2036-4AA4-BB0A-9915F6A4227A}.Release|Any CPU.Build.0 = Release|Any CPU
		{B4D463A5-2089-4CD1-ACDB-34E43E3189E9}.Debug|Any CPU.ActiveCfg = Debug|Any CPU
		{B4D463A5-2089-4CD1-ACDB-34E43E3189E9}.Debug|Any CPU.Build.0 = Debug|Any CPU
		{B4D463A5-2089-4CD1-ACDB-34E43E3189E9}.Release|Any CPU.ActiveCfg = Release|Any CPU
		{B4D463A5-2089-4CD1-ACDB-34E43E3189E9}.Release|Any CPU.Build.0 = Release|Any CPU
		{CB5D6282-81AE-4C18-944F-94DC9057CE98}.Debug|Any CPU.ActiveCfg = Debug|Any CPU
		{CB5D6282-81AE-4C18-944F-94DC9057CE98}.Debug|Any CPU.Build.0 = Debug|Any CPU
		{CB5D6282-81AE-4C18-944F-94DC9057CE98}.Release|Any CPU.ActiveCfg = Release|Any CPU
		{CB5D6282-81AE-4C18-944F-94DC9057CE98}.Release|Any CPU.Build.0 = Release|Any CPU
	EndGlobalSection
EndGlobal
